// !$*UTF8*$!
{
	archiveVersion = 1;
	classes = {
	};
	objectVersion = 56;
	objects = {

/* Begin PBXBuildFile section */
		BC369EC22B28191E00A04A56 /* AppDelegate.swift in Sources */ = {isa = PBXBuildFile; fileRef = BC369EC12B28191E00A04A56 /* AppDelegate.swift */; };
		BC369ECB2B28192000A04A56 /* Assets.xcassets in Resources */ = {isa = PBXBuildFile; fileRef = BC369ECA2B28192000A04A56 /* Assets.xcassets */; };
		BC369ECE2B28192000A04A56 /* LaunchScreen.storyboard in Resources */ = {isa = PBXBuildFile; fileRef = BC369ECC2B28192000A04A56 /* LaunchScreen.storyboard */; };
		BC369ED82B2819A700A04A56 /* AppDelegate.swift in Sources */ = {isa = PBXBuildFile; fileRef = BC369EC12B28191E00A04A56 /* AppDelegate.swift */; };
		BC369EDC2B2819A700A04A56 /* LaunchScreen.storyboard in Resources */ = {isa = PBXBuildFile; fileRef = BC369ECC2B28192000A04A56 /* LaunchScreen.storyboard */; };
		BC369EDD2B2819A700A04A56 /* Assets.xcassets in Resources */ = {isa = PBXBuildFile; fileRef = BC369ECA2B28192000A04A56 /* Assets.xcassets */; };
		BC369EE72B281BFF00A04A56 /* MockupKit in Frameworks */ = {isa = PBXBuildFile; productRef = BC369EE62B281BFF00A04A56 /* MockupKit */; };
		BC369EE92B281C0400A04A56 /* MockupKit in Frameworks */ = {isa = PBXBuildFile; productRef = BC369EE82B281C0400A04A56 /* MockupKit */; };
		BC369EF22B281C6800A04A56 /* Utils+Additions.swift in Sources */ = {isa = PBXBuildFile; fileRef = BC369EF12B281C6800A04A56 /* Utils+Additions.swift */; };
		BC369EF32B281C6800A04A56 /* Utils+Additions.swift in Sources */ = {isa = PBXBuildFile; fileRef = BC369EF12B281C6800A04A56 /* Utils+Additions.swift */; };
		BC3EFCB92B282CA80027510A /* RIBs+Utils.swift in Sources */ = {isa = PBXBuildFile; fileRef = BC3EFCB82B282CA80027510A /* RIBs+Utils.swift */; };
		BC3EFCBA2B282CA80027510A /* RIBs+Utils.swift in Sources */ = {isa = PBXBuildFile; fileRef = BC3EFCB82B282CA80027510A /* RIBs+Utils.swift */; };
		BC3EFCBD2B282DC50027510A /* AppComponent.swift in Sources */ = {isa = PBXBuildFile; fileRef = BC3EFCBC2B282DC50027510A /* AppComponent.swift */; };
		BC3EFCBE2B282DC50027510A /* AppComponent.swift in Sources */ = {isa = PBXBuildFile; fileRef = BC3EFCBC2B282DC50027510A /* AppComponent.swift */; };
		BC3EFCC32B282DE30027510A /* RootRouter.swift in Sources */ = {isa = PBXBuildFile; fileRef = BC3EFCBF2B282DE30027510A /* RootRouter.swift */; };
		BC3EFCC42B282DE30027510A /* RootRouter.swift in Sources */ = {isa = PBXBuildFile; fileRef = BC3EFCBF2B282DE30027510A /* RootRouter.swift */; };
		BC3EFCC52B282DE30027510A /* RootTabBarController.swift in Sources */ = {isa = PBXBuildFile; fileRef = BC3EFCC02B282DE30027510A /* RootTabBarController.swift */; };
		BC3EFCC62B282DE30027510A /* RootTabBarController.swift in Sources */ = {isa = PBXBuildFile; fileRef = BC3EFCC02B282DE30027510A /* RootTabBarController.swift */; };
		BC3EFCC72B282DE30027510A /* RootBuilder.swift in Sources */ = {isa = PBXBuildFile; fileRef = BC3EFCC12B282DE30027510A /* RootBuilder.swift */; };
		BC3EFCC82B282DE30027510A /* RootBuilder.swift in Sources */ = {isa = PBXBuildFile; fileRef = BC3EFCC12B282DE30027510A /* RootBuilder.swift */; };
		BC3EFCC92B282DE30027510A /* RootInteractor.swift in Sources */ = {isa = PBXBuildFile; fileRef = BC3EFCC22B282DE30027510A /* RootInteractor.swift */; };
		BC3EFCCA2B282DE30027510A /* RootInteractor.swift in Sources */ = {isa = PBXBuildFile; fileRef = BC3EFCC22B282DE30027510A /* RootInteractor.swift */; };
		BC3EFCD12B2832870027510A /* HomeRouter.swift in Sources */ = {isa = PBXBuildFile; fileRef = BC3EFCCD2B2832870027510A /* HomeRouter.swift */; };
		BC3EFCD22B2832870027510A /* HomeRouter.swift in Sources */ = {isa = PBXBuildFile; fileRef = BC3EFCCD2B2832870027510A /* HomeRouter.swift */; };
		BC3EFCD32B2832870027510A /* HomeViewController.swift in Sources */ = {isa = PBXBuildFile; fileRef = BC3EFCCE2B2832870027510A /* HomeViewController.swift */; };
		BC3EFCD42B2832870027510A /* HomeViewController.swift in Sources */ = {isa = PBXBuildFile; fileRef = BC3EFCCE2B2832870027510A /* HomeViewController.swift */; };
		BC3EFCD52B2832870027510A /* HomeBuilder.swift in Sources */ = {isa = PBXBuildFile; fileRef = BC3EFCCF2B2832870027510A /* HomeBuilder.swift */; };
		BC3EFCD62B2832870027510A /* HomeBuilder.swift in Sources */ = {isa = PBXBuildFile; fileRef = BC3EFCCF2B2832870027510A /* HomeBuilder.swift */; };
		BC3EFCD72B2832870027510A /* HomeInteractor.swift in Sources */ = {isa = PBXBuildFile; fileRef = BC3EFCD02B2832870027510A /* HomeInteractor.swift */; };
		BC3EFCD82B2832870027510A /* HomeInteractor.swift in Sources */ = {isa = PBXBuildFile; fileRef = BC3EFCD02B2832870027510A /* HomeInteractor.swift */; };
		BC3EFCDA2B28387B0027510A /* Stage-Info.plist in Resources */ = {isa = PBXBuildFile; fileRef = BC3EFCD92B28387B0027510A /* Stage-Info.plist */; };
		BC3EFCDB2B28387B0027510A /* Stage-Info.plist in Resources */ = {isa = PBXBuildFile; fileRef = BC3EFCD92B28387B0027510A /* Stage-Info.plist */; };
		BC3EFCE22B283DEF0027510A /* UserAPI.swift in Sources */ = {isa = PBXBuildFile; fileRef = BC3EFCE12B283DEF0027510A /* UserAPI.swift */; };
		BC3EFCE32B283DEF0027510A /* UserAPI.swift in Sources */ = {isa = PBXBuildFile; fileRef = BC3EFCE12B283DEF0027510A /* UserAPI.swift */; };
		BC3EFCE52B283DF50027510A /* UserModel.swift in Sources */ = {isa = PBXBuildFile; fileRef = BC3EFCE42B283DF50027510A /* UserModel.swift */; };
		BC3EFCE62B283DF50027510A /* UserModel.swift in Sources */ = {isa = PBXBuildFile; fileRef = BC3EFCE42B283DF50027510A /* UserModel.swift */; };
		BC3EFCE92B283E500027510A /* NetworkManager.swift in Sources */ = {isa = PBXBuildFile; fileRef = BC3EFCE82B283E500027510A /* NetworkManager.swift */; };
		BC3EFCEA2B283E500027510A /* NetworkManager.swift in Sources */ = {isa = PBXBuildFile; fileRef = BC3EFCE82B283E500027510A /* NetworkManager.swift */; };
		BC44B12C2B2948D300A87EF1 /* FollowerRouter.swift in Sources */ = {isa = PBXBuildFile; fileRef = BC44B1292B2948D300A87EF1 /* FollowerRouter.swift */; };
		BC44B12D2B2948D300A87EF1 /* FollowerRouter.swift in Sources */ = {isa = PBXBuildFile; fileRef = BC44B1292B2948D300A87EF1 /* FollowerRouter.swift */; };
		BC44B12E2B2948D300A87EF1 /* FollowerBuilder.swift in Sources */ = {isa = PBXBuildFile; fileRef = BC44B12A2B2948D300A87EF1 /* FollowerBuilder.swift */; };
		BC44B12F2B2948D300A87EF1 /* FollowerBuilder.swift in Sources */ = {isa = PBXBuildFile; fileRef = BC44B12A2B2948D300A87EF1 /* FollowerBuilder.swift */; };
		BC44B1302B2948D300A87EF1 /* FollowerInteractor.swift in Sources */ = {isa = PBXBuildFile; fileRef = BC44B12B2B2948D300A87EF1 /* FollowerInteractor.swift */; };
		BC44B1312B2948D300A87EF1 /* FollowerInteractor.swift in Sources */ = {isa = PBXBuildFile; fileRef = BC44B12B2B2948D300A87EF1 /* FollowerInteractor.swift */; };
		BC44B1342B2949D200A87EF1 /* LoginGlobalRepository.swift in Sources */ = {isa = PBXBuildFile; fileRef = BC44B1332B2949D200A87EF1 /* LoginGlobalRepository.swift */; };
		BC44B1352B2949D200A87EF1 /* LoginGlobalRepository.swift in Sources */ = {isa = PBXBuildFile; fileRef = BC44B1332B2949D200A87EF1 /* LoginGlobalRepository.swift */; };
		BC44B13D2B294FB500A87EF1 /* FollowerListRouter.swift in Sources */ = {isa = PBXBuildFile; fileRef = BC44B1392B294FB500A87EF1 /* FollowerListRouter.swift */; };
		BC44B13E2B294FB500A87EF1 /* FollowerListRouter.swift in Sources */ = {isa = PBXBuildFile; fileRef = BC44B1392B294FB500A87EF1 /* FollowerListRouter.swift */; };
		BC44B13F2B294FB500A87EF1 /* FollowerListViewController.swift in Sources */ = {isa = PBXBuildFile; fileRef = BC44B13A2B294FB500A87EF1 /* FollowerListViewController.swift */; };
		BC44B1402B294FB500A87EF1 /* FollowerListViewController.swift in Sources */ = {isa = PBXBuildFile; fileRef = BC44B13A2B294FB500A87EF1 /* FollowerListViewController.swift */; };
		BC44B1412B294FB500A87EF1 /* FollowerListBuilder.swift in Sources */ = {isa = PBXBuildFile; fileRef = BC44B13B2B294FB500A87EF1 /* FollowerListBuilder.swift */; };
		BC44B1422B294FB500A87EF1 /* FollowerListBuilder.swift in Sources */ = {isa = PBXBuildFile; fileRef = BC44B13B2B294FB500A87EF1 /* FollowerListBuilder.swift */; };
		BC44B1432B294FB500A87EF1 /* FollowerListInteractor.swift in Sources */ = {isa = PBXBuildFile; fileRef = BC44B13C2B294FB500A87EF1 /* FollowerListInteractor.swift */; };
		BC44B1442B294FB500A87EF1 /* FollowerListInteractor.swift in Sources */ = {isa = PBXBuildFile; fileRef = BC44B13C2B294FB500A87EF1 /* FollowerListInteractor.swift */; };
		BC44B1492B294FC300A87EF1 /* FollowerDetailRouter.swift in Sources */ = {isa = PBXBuildFile; fileRef = BC44B1452B294FC300A87EF1 /* FollowerDetailRouter.swift */; };
		BC44B14A2B294FC300A87EF1 /* FollowerDetailRouter.swift in Sources */ = {isa = PBXBuildFile; fileRef = BC44B1452B294FC300A87EF1 /* FollowerDetailRouter.swift */; };
		BC44B14B2B294FC300A87EF1 /* FollowerDetailViewController.swift in Sources */ = {isa = PBXBuildFile; fileRef = BC44B1462B294FC300A87EF1 /* FollowerDetailViewController.swift */; };
		BC44B14C2B294FC300A87EF1 /* FollowerDetailViewController.swift in Sources */ = {isa = PBXBuildFile; fileRef = BC44B1462B294FC300A87EF1 /* FollowerDetailViewController.swift */; };
		BC44B14D2B294FC300A87EF1 /* FollowerDetailBuilder.swift in Sources */ = {isa = PBXBuildFile; fileRef = BC44B1472B294FC300A87EF1 /* FollowerDetailBuilder.swift */; };
		BC44B14E2B294FC300A87EF1 /* FollowerDetailBuilder.swift in Sources */ = {isa = PBXBuildFile; fileRef = BC44B1472B294FC300A87EF1 /* FollowerDetailBuilder.swift */; };
		BC44B14F2B294FC300A87EF1 /* FollowerDetailInteractor.swift in Sources */ = {isa = PBXBuildFile; fileRef = BC44B1482B294FC300A87EF1 /* FollowerDetailInteractor.swift */; };
		BC44B1502B294FC300A87EF1 /* FollowerDetailInteractor.swift in Sources */ = {isa = PBXBuildFile; fileRef = BC44B1482B294FC300A87EF1 /* FollowerDetailInteractor.swift */; };
		BC44B1522B29511300A87EF1 /* AdaptivePresentationControllerDelegateProxy.swift in Sources */ = {isa = PBXBuildFile; fileRef = BC44B1512B29511300A87EF1 /* AdaptivePresentationControllerDelegateProxy.swift */; };
		BC44B1532B29511300A87EF1 /* AdaptivePresentationControllerDelegateProxy.swift in Sources */ = {isa = PBXBuildFile; fileRef = BC44B1512B29511300A87EF1 /* AdaptivePresentationControllerDelegateProxy.swift */; };
		BC44B1562B2957C700A87EF1 /* UserViewModel.swift in Sources */ = {isa = PBXBuildFile; fileRef = BC44B1552B2957C700A87EF1 /* UserViewModel.swift */; };
		BC44B1572B2957C700A87EF1 /* UserViewModel.swift in Sources */ = {isa = PBXBuildFile; fileRef = BC44B1552B2957C700A87EF1 /* UserViewModel.swift */; };
		BC44B15B2B296A6A00A87EF1 /* FollowerCell.swift in Sources */ = {isa = PBXBuildFile; fileRef = BC44B15A2B296A6A00A87EF1 /* FollowerCell.swift */; };
		BC44B15C2B296A6A00A87EF1 /* FollowerCell.swift in Sources */ = {isa = PBXBuildFile; fileRef = BC44B15A2B296A6A00A87EF1 /* FollowerCell.swift */; };
		BC44B15E2B296BD900A87EF1 /* AssetsProxy.swift in Sources */ = {isa = PBXBuildFile; fileRef = BC44B15D2B296BD900A87EF1 /* AssetsProxy.swift */; };
		BC44B15F2B296BD900A87EF1 /* AssetsProxy.swift in Sources */ = {isa = PBXBuildFile; fileRef = BC44B15D2B296BD900A87EF1 /* AssetsProxy.swift */; };
		BC44B1632B29804C00A87EF1 /* UserDetailCell.swift in Sources */ = {isa = PBXBuildFile; fileRef = BC44B1622B29804C00A87EF1 /* UserDetailCell.swift */; };
		BC44B1642B29804C00A87EF1 /* UserDetailCell.swift in Sources */ = {isa = PBXBuildFile; fileRef = BC44B1622B29804C00A87EF1 /* UserDetailCell.swift */; };
/* End PBXBuildFile section */

/* Begin PBXFileReference section */
		BC369EBE2B28191E00A04A56 /* mock-up-ribs.app */ = {isa = PBXFileReference; explicitFileType = wrapper.application; includeInIndex = 0; path = "mock-up-ribs.app"; sourceTree = BUILT_PRODUCTS_DIR; };
		BC369EC12B28191E00A04A56 /* AppDelegate.swift */ = {isa = PBXFileReference; lastKnownFileType = sourcecode.swift; path = AppDelegate.swift; sourceTree = "<group>"; };
		BC369ECA2B28192000A04A56 /* Assets.xcassets */ = {isa = PBXFileReference; lastKnownFileType = folder.assetcatalog; path = Assets.xcassets; sourceTree = "<group>"; };
		BC369ECD2B28192000A04A56 /* Base */ = {isa = PBXFileReference; lastKnownFileType = file.storyboard; name = Base; path = Base.lproj/LaunchScreen.storyboard; sourceTree = "<group>"; };
		BC369ECF2B28192000A04A56 /* Info.plist */ = {isa = PBXFileReference; lastKnownFileType = text.plist.xml; path = Info.plist; sourceTree = "<group>"; };
		BC369EE22B2819A700A04A56 /* mock-up-ribs-stage.app */ = {isa = PBXFileReference; explicitFileType = wrapper.application; includeInIndex = 0; path = "mock-up-ribs-stage.app"; sourceTree = BUILT_PRODUCTS_DIR; };
		BC369EE42B281A6500A04A56 /* MockupKit */ = {isa = PBXFileReference; lastKnownFileType = wrapper; name = MockupKit; path = ../MockupKit; sourceTree = "<group>"; };
		BC369EF12B281C6800A04A56 /* Utils+Additions.swift */ = {isa = PBXFileReference; lastKnownFileType = sourcecode.swift; path = "Utils+Additions.swift"; sourceTree = "<group>"; };
		BC3EFCB82B282CA80027510A /* RIBs+Utils.swift */ = {isa = PBXFileReference; lastKnownFileType = sourcecode.swift; path = "RIBs+Utils.swift"; sourceTree = "<group>"; };
		BC3EFCBC2B282DC50027510A /* AppComponent.swift */ = {isa = PBXFileReference; lastKnownFileType = sourcecode.swift; path = AppComponent.swift; sourceTree = "<group>"; };
		BC3EFCBF2B282DE30027510A /* RootRouter.swift */ = {isa = PBXFileReference; lastKnownFileType = sourcecode.swift; path = RootRouter.swift; sourceTree = "<group>"; };
		BC3EFCC02B282DE30027510A /* RootTabBarController.swift */ = {isa = PBXFileReference; lastKnownFileType = sourcecode.swift; path = RootTabBarController.swift; sourceTree = "<group>"; };
		BC3EFCC12B282DE30027510A /* RootBuilder.swift */ = {isa = PBXFileReference; lastKnownFileType = sourcecode.swift; path = RootBuilder.swift; sourceTree = "<group>"; };
		BC3EFCC22B282DE30027510A /* RootInteractor.swift */ = {isa = PBXFileReference; lastKnownFileType = sourcecode.swift; path = RootInteractor.swift; sourceTree = "<group>"; };
		BC3EFCCD2B2832870027510A /* HomeRouter.swift */ = {isa = PBXFileReference; lastKnownFileType = sourcecode.swift; path = HomeRouter.swift; sourceTree = "<group>"; };
		BC3EFCCE2B2832870027510A /* HomeViewController.swift */ = {isa = PBXFileReference; lastKnownFileType = sourcecode.swift; path = HomeViewController.swift; sourceTree = "<group>"; };
		BC3EFCCF2B2832870027510A /* HomeBuilder.swift */ = {isa = PBXFileReference; lastKnownFileType = sourcecode.swift; path = HomeBuilder.swift; sourceTree = "<group>"; };
		BC3EFCD02B2832870027510A /* HomeInteractor.swift */ = {isa = PBXFileReference; lastKnownFileType = sourcecode.swift; path = HomeInteractor.swift; sourceTree = "<group>"; };
		BC3EFCD92B28387B0027510A /* Stage-Info.plist */ = {isa = PBXFileReference; fileEncoding = 4; lastKnownFileType = text.plist.xml; path = "Stage-Info.plist"; sourceTree = "<group>"; };
		BC3EFCE12B283DEF0027510A /* UserAPI.swift */ = {isa = PBXFileReference; lastKnownFileType = sourcecode.swift; path = UserAPI.swift; sourceTree = "<group>"; };
		BC3EFCE42B283DF50027510A /* UserModel.swift */ = {isa = PBXFileReference; lastKnownFileType = sourcecode.swift; path = UserModel.swift; sourceTree = "<group>"; };
		BC3EFCE82B283E500027510A /* NetworkManager.swift */ = {isa = PBXFileReference; lastKnownFileType = sourcecode.swift; path = NetworkManager.swift; sourceTree = "<group>"; };
		BC44B1292B2948D300A87EF1 /* FollowerRouter.swift */ = {isa = PBXFileReference; lastKnownFileType = sourcecode.swift; path = FollowerRouter.swift; sourceTree = "<group>"; };
		BC44B12A2B2948D300A87EF1 /* FollowerBuilder.swift */ = {isa = PBXFileReference; lastKnownFileType = sourcecode.swift; path = FollowerBuilder.swift; sourceTree = "<group>"; };
		BC44B12B2B2948D300A87EF1 /* FollowerInteractor.swift */ = {isa = PBXFileReference; lastKnownFileType = sourcecode.swift; path = FollowerInteractor.swift; sourceTree = "<group>"; };
		BC44B1332B2949D200A87EF1 /* LoginGlobalRepository.swift */ = {isa = PBXFileReference; lastKnownFileType = sourcecode.swift; path = LoginGlobalRepository.swift; sourceTree = "<group>"; };
		BC44B1392B294FB500A87EF1 /* FollowerListRouter.swift */ = {isa = PBXFileReference; lastKnownFileType = sourcecode.swift; path = FollowerListRouter.swift; sourceTree = "<group>"; };
		BC44B13A2B294FB500A87EF1 /* FollowerListViewController.swift */ = {isa = PBXFileReference; lastKnownFileType = sourcecode.swift; path = FollowerListViewController.swift; sourceTree = "<group>"; };
		BC44B13B2B294FB500A87EF1 /* FollowerListBuilder.swift */ = {isa = PBXFileReference; lastKnownFileType = sourcecode.swift; path = FollowerListBuilder.swift; sourceTree = "<group>"; };
		BC44B13C2B294FB500A87EF1 /* FollowerListInteractor.swift */ = {isa = PBXFileReference; lastKnownFileType = sourcecode.swift; path = FollowerListInteractor.swift; sourceTree = "<group>"; };
		BC44B1452B294FC300A87EF1 /* FollowerDetailRouter.swift */ = {isa = PBXFileReference; lastKnownFileType = sourcecode.swift; path = FollowerDetailRouter.swift; sourceTree = "<group>"; };
		BC44B1462B294FC300A87EF1 /* FollowerDetailViewController.swift */ = {isa = PBXFileReference; lastKnownFileType = sourcecode.swift; path = FollowerDetailViewController.swift; sourceTree = "<group>"; };
		BC44B1472B294FC300A87EF1 /* FollowerDetailBuilder.swift */ = {isa = PBXFileReference; lastKnownFileType = sourcecode.swift; path = FollowerDetailBuilder.swift; sourceTree = "<group>"; };
		BC44B1482B294FC300A87EF1 /* FollowerDetailInteractor.swift */ = {isa = PBXFileReference; lastKnownFileType = sourcecode.swift; path = FollowerDetailInteractor.swift; sourceTree = "<group>"; };
		BC44B1512B29511300A87EF1 /* AdaptivePresentationControllerDelegateProxy.swift */ = {isa = PBXFileReference; lastKnownFileType = sourcecode.swift; path = AdaptivePresentationControllerDelegateProxy.swift; sourceTree = "<group>"; };
		BC44B1552B2957C700A87EF1 /* UserViewModel.swift */ = {isa = PBXFileReference; lastKnownFileType = sourcecode.swift; path = UserViewModel.swift; sourceTree = "<group>"; };
		BC44B15A2B296A6A00A87EF1 /* FollowerCell.swift */ = {isa = PBXFileReference; lastKnownFileType = sourcecode.swift; path = FollowerCell.swift; sourceTree = "<group>"; };
		BC44B15D2B296BD900A87EF1 /* AssetsProxy.swift */ = {isa = PBXFileReference; lastKnownFileType = sourcecode.swift; path = AssetsProxy.swift; sourceTree = "<group>"; };
		BC44B1622B29804C00A87EF1 /* UserDetailCell.swift */ = {isa = PBXFileReference; lastKnownFileType = sourcecode.swift; path = UserDetailCell.swift; sourceTree = "<group>"; };
/* End PBXFileReference section */

/* Begin PBXFrameworksBuildPhase section */
		BC369EBB2B28191E00A04A56 /* Frameworks */ = {
			isa = PBXFrameworksBuildPhase;
			buildActionMask = 2147483647;
			files = (
				BC369EE72B281BFF00A04A56 /* MockupKit in Frameworks */,
			);
			runOnlyForDeploymentPostprocessing = 0;
		};
		BC369EDA2B2819A700A04A56 /* Frameworks */ = {
			isa = PBXFrameworksBuildPhase;
			buildActionMask = 2147483647;
			files = (
				BC369EE92B281C0400A04A56 /* MockupKit in Frameworks */,
			);
			runOnlyForDeploymentPostprocessing = 0;
		};
/* End PBXFrameworksBuildPhase section */

/* Begin PBXGroup section */
		BC369EB52B28191E00A04A56 = {
			isa = PBXGroup;
			children = (
				BC369EE42B281A6500A04A56 /* MockupKit */,
				BC369EC02B28191E00A04A56 /* mock-up-ribs */,
				BC369EBF2B28191E00A04A56 /* Products */,
				BC369EE52B281BFF00A04A56 /* Frameworks */,
			);
			sourceTree = "<group>";
		};
		BC369EBF2B28191E00A04A56 /* Products */ = {
			isa = PBXGroup;
			children = (
				BC369EBE2B28191E00A04A56 /* mock-up-ribs.app */,
				BC369EE22B2819A700A04A56 /* mock-up-ribs-stage.app */,
			);
			name = Products;
			sourceTree = "<group>";
		};
		BC369EC02B28191E00A04A56 /* mock-up-ribs */ = {
			isa = PBXGroup;
			children = (
				BC369EEC2B281C3200A04A56 /* Utils */,
				BC369EEB2B281C2900A04A56 /* Resources */,
				BC369EEA2B281C2000A04A56 /* Intro */,
				BC3EFCDF2B283DD60027510A /* Services */,
				BC369EED2B281C4300A04A56 /* Sources */,
			);
			path = "mock-up-ribs";
			sourceTree = "<group>";
		};
		BC369EE52B281BFF00A04A56 /* Frameworks */ = {
			isa = PBXGroup;
			children = (
			);
			name = Frameworks;
			sourceTree = "<group>";
		};
		BC369EEA2B281C2000A04A56 /* Intro */ = {
			isa = PBXGroup;
			children = (
				BC369ECC2B28192000A04A56 /* LaunchScreen.storyboard */,
				BC3EFCBC2B282DC50027510A /* AppComponent.swift */,
				BC369EC12B28191E00A04A56 /* AppDelegate.swift */,
			);
			path = Intro;
			sourceTree = "<group>";
		};
		BC369EEB2B281C2900A04A56 /* Resources */ = {
			isa = PBXGroup;
			children = (
				BC369ECA2B28192000A04A56 /* Assets.xcassets */,
				BC369ECF2B28192000A04A56 /* Info.plist */,
				BC3EFCD92B28387B0027510A /* Stage-Info.plist */,
				BC44B15D2B296BD900A87EF1 /* AssetsProxy.swift */,
			);
			path = Resources;
			sourceTree = "<group>";
		};
		BC369EEC2B281C3200A04A56 /* Utils */ = {
			isa = PBXGroup;
			children = (
				BC369EF12B281C6800A04A56 /* Utils+Additions.swift */,
				BC3EFCB82B282CA80027510A /* RIBs+Utils.swift */,
				BC44B1512B29511300A87EF1 /* AdaptivePresentationControllerDelegateProxy.swift */,
			);
			path = Utils;
			sourceTree = "<group>";
		};
		BC369EED2B281C4300A04A56 /* Sources */ = {
			isa = PBXGroup;
			children = (
				BC3EFCBB2B282D760027510A /* Root */,
				BC3EFCCB2B28324A0027510A /* Reusables */,
			);
			path = Sources;
			sourceTree = "<group>";
		};
		BC3EFCBB2B282D760027510A /* Root */ = {
			isa = PBXGroup;
			children = (
				BC3EFCBF2B282DE30027510A /* RootRouter.swift */,
				BC3EFCC02B282DE30027510A /* RootTabBarController.swift */,
				BC3EFCC12B282DE30027510A /* RootBuilder.swift */,
				BC3EFCC22B282DE30027510A /* RootInteractor.swift */,
			);
			path = Root;
			sourceTree = "<group>";
		};
		BC3EFCCB2B28324A0027510A /* Reusables */ = {
			isa = PBXGroup;
			children = (
				BC44B1322B2949A700A87EF1 /* Login */,
				BC3EFCCC2B28325C0027510A /* Home */,
				BC3EFCDE2B283D950027510A /* Follower */,
			);
			path = Reusables;
			sourceTree = "<group>";
		};
		BC3EFCCC2B28325C0027510A /* Home */ = {
			isa = PBXGroup;
			children = (
				BC3EFCDD2B283D8A0027510A /* Subviews */,
				BC3EFCDC2B283D7D0027510A /* Riblet */,
			);
			path = Home;
			sourceTree = "<group>";
		};
		BC3EFCDC2B283D7D0027510A /* Riblet */ = {
			isa = PBXGroup;
			children = (
				BC3EFCCD2B2832870027510A /* HomeRouter.swift */,
				BC3EFCCE2B2832870027510A /* HomeViewController.swift */,
				BC3EFCCF2B2832870027510A /* HomeBuilder.swift */,
				BC3EFCD02B2832870027510A /* HomeInteractor.swift */,
			);
			path = Riblet;
			sourceTree = "<group>";
		};
		BC3EFCDD2B283D8A0027510A /* Subviews */ = {
			isa = PBXGroup;
			children = (
			);
			path = Subviews;
			sourceTree = "<group>";
		};
		BC3EFCDE2B283D950027510A /* Follower */ = {
			isa = PBXGroup;
			children = (
				BC44B1542B2957BB00A87EF1 /* Common */,
				BC44B1382B294E9100A87EF1 /* FollowDetail */,
				BC44B1372B294E8400A87EF1 /* FollowerList */,
				BC44B1362B294E7900A87EF1 /* Container */,
			);
			path = Follower;
			sourceTree = "<group>";
		};
		BC3EFCDF2B283DD60027510A /* Services */ = {
			isa = PBXGroup;
			children = (
				BC3EFCE72B283E440027510A /* Common */,
				BC3EFCE02B283DE50027510A /* User */,
			);
			path = Services;
			sourceTree = "<group>";
		};
		BC3EFCE02B283DE50027510A /* User */ = {
			isa = PBXGroup;
			children = (
				BC3EFCE12B283DEF0027510A /* UserAPI.swift */,
				BC3EFCE42B283DF50027510A /* UserModel.swift */,
			);
			path = User;
			sourceTree = "<group>";
		};
		BC3EFCE72B283E440027510A /* Common */ = {
			isa = PBXGroup;
			children = (
				BC3EFCE82B283E500027510A /* NetworkManager.swift */,
				BC44B1332B2949D200A87EF1 /* LoginGlobalRepository.swift */,
			);
			path = Common;
			sourceTree = "<group>";
		};
		BC44B1322B2949A700A87EF1 /* Login */ = {
			isa = PBXGroup;
			children = (
			);
			path = Login;
			sourceTree = "<group>";
		};
		BC44B1362B294E7900A87EF1 /* Container */ = {
			isa = PBXGroup;
			children = (
				BC44B1292B2948D300A87EF1 /* FollowerRouter.swift */,
				BC44B12A2B2948D300A87EF1 /* FollowerBuilder.swift */,
				BC44B12B2B2948D300A87EF1 /* FollowerInteractor.swift */,
			);
			path = Container;
			sourceTree = "<group>";
		};
		BC44B1372B294E8400A87EF1 /* FollowerList */ = {
			isa = PBXGroup;
			children = (
				BC44B1592B296A4600A87EF1 /* Riblet */,
				BC44B1582B296A3F00A87EF1 /* Subviews */,
			);
			path = FollowerList;
			sourceTree = "<group>";
		};
		BC44B1382B294E9100A87EF1 /* FollowDetail */ = {
			isa = PBXGroup;
			children = (
				BC44B1612B29803800A87EF1 /* Subviews */,
				BC44B1602B29802C00A87EF1 /* Riblet */,
			);
			path = FollowDetail;
			sourceTree = "<group>";
		};
		BC44B1542B2957BB00A87EF1 /* Common */ = {
			isa = PBXGroup;
			children = (
				BC44B1552B2957C700A87EF1 /* UserViewModel.swift */,
			);
			path = Common;
			sourceTree = "<group>";
		};
		BC44B1582B296A3F00A87EF1 /* Subviews */ = {
			isa = PBXGroup;
			children = (
				BC44B15A2B296A6A00A87EF1 /* FollowerCell.swift */,
			);
			path = Subviews;
			sourceTree = "<group>";
		};
		BC44B1592B296A4600A87EF1 /* Riblet */ = {
			isa = PBXGroup;
			children = (
				BC44B1392B294FB500A87EF1 /* FollowerListRouter.swift */,
				BC44B13A2B294FB500A87EF1 /* FollowerListViewController.swift */,
				BC44B13B2B294FB500A87EF1 /* FollowerListBuilder.swift */,
				BC44B13C2B294FB500A87EF1 /* FollowerListInteractor.swift */,
			);
			path = Riblet;
			sourceTree = "<group>";
		};
		BC44B1602B29802C00A87EF1 /* Riblet */ = {
			isa = PBXGroup;
			children = (
				BC44B1452B294FC300A87EF1 /* FollowerDetailRouter.swift */,
				BC44B1462B294FC300A87EF1 /* FollowerDetailViewController.swift */,
				BC44B1472B294FC300A87EF1 /* FollowerDetailBuilder.swift */,
				BC44B1482B294FC300A87EF1 /* FollowerDetailInteractor.swift */,
			);
			path = Riblet;
			sourceTree = "<group>";
		};
		BC44B1612B29803800A87EF1 /* Subviews */ = {
			isa = PBXGroup;
			children = (
				BC44B1622B29804C00A87EF1 /* UserDetailCell.swift */,
			);
			path = Subviews;
			sourceTree = "<group>";
		};
/* End PBXGroup section */

/* Begin PBXNativeTarget section */
		BC369EBD2B28191E00A04A56 /* mock-up-ribs */ = {
			isa = PBXNativeTarget;
			buildConfigurationList = BC369ED22B28192000A04A56 /* Build configuration list for PBXNativeTarget "mock-up-ribs" */;
			buildPhases = (
				BC369EBA2B28191E00A04A56 /* Sources */,
				BC369EBB2B28191E00A04A56 /* Frameworks */,
				BC369EBC2B28191E00A04A56 /* Resources */,
			);
			buildRules = (
			);
			dependencies = (
			);
			name = "mock-up-ribs";
			packageProductDependencies = (
				BC369EE62B281BFF00A04A56 /* MockupKit */,
			);
			productName = "mock-up-ribs";
			productReference = BC369EBE2B28191E00A04A56 /* mock-up-ribs.app */;
			productType = "com.apple.product-type.application";
		};
		BC369ED52B2819A700A04A56 /* mock-up-ribs-stage */ = {
			isa = PBXNativeTarget;
			buildConfigurationList = BC369EDF2B2819A700A04A56 /* Build configuration list for PBXNativeTarget "mock-up-ribs-stage" */;
			buildPhases = (
				BC369ED62B2819A700A04A56 /* Sources */,
				BC369EDA2B2819A700A04A56 /* Frameworks */,
				BC369EDB2B2819A700A04A56 /* Resources */,
			);
			buildRules = (
			);
			dependencies = (
			);
			name = "mock-up-ribs-stage";
			packageProductDependencies = (
				BC369EE82B281C0400A04A56 /* MockupKit */,
			);
			productName = "mock-up-ribs";
			productReference = BC369EE22B2819A700A04A56 /* mock-up-ribs-stage.app */;
			productType = "com.apple.product-type.application";
		};
/* End PBXNativeTarget section */

/* Begin PBXProject section */
		BC369EB62B28191E00A04A56 /* Project object */ = {
			isa = PBXProject;
			attributes = {
				BuildIndependentTargetsInParallel = 1;
				LastSwiftUpdateCheck = 1420;
				LastUpgradeCheck = 1420;
				TargetAttributes = {
					BC369EBD2B28191E00A04A56 = {
						CreatedOnToolsVersion = 14.2;
					};
				};
			};
			buildConfigurationList = BC369EB92B28191E00A04A56 /* Build configuration list for PBXProject "mock-up-ribs" */;
			compatibilityVersion = "Xcode 14.0";
			developmentRegion = en;
			hasScannedForEncodings = 0;
			knownRegions = (
				en,
				Base,
			);
			mainGroup = BC369EB52B28191E00A04A56;
			productRefGroup = BC369EBF2B28191E00A04A56 /* Products */;
			projectDirPath = "";
			projectRoot = "";
			targets = (
				BC369EBD2B28191E00A04A56 /* mock-up-ribs */,
				BC369ED52B2819A700A04A56 /* mock-up-ribs-stage */,
			);
		};
/* End PBXProject section */

/* Begin PBXResourcesBuildPhase section */
		BC369EBC2B28191E00A04A56 /* Resources */ = {
			isa = PBXResourcesBuildPhase;
			buildActionMask = 2147483647;
			files = (
				BC3EFCDA2B28387B0027510A /* Stage-Info.plist in Resources */,
				BC369ECE2B28192000A04A56 /* LaunchScreen.storyboard in Resources */,
				BC369ECB2B28192000A04A56 /* Assets.xcassets in Resources */,
			);
			runOnlyForDeploymentPostprocessing = 0;
		};
		BC369EDB2B2819A700A04A56 /* Resources */ = {
			isa = PBXResourcesBuildPhase;
			buildActionMask = 2147483647;
			files = (
				BC3EFCDB2B28387B0027510A /* Stage-Info.plist in Resources */,
				BC369EDC2B2819A700A04A56 /* LaunchScreen.storyboard in Resources */,
				BC369EDD2B2819A700A04A56 /* Assets.xcassets in Resources */,
			);
			runOnlyForDeploymentPostprocessing = 0;
		};
/* End PBXResourcesBuildPhase section */

/* Begin PBXSourcesBuildPhase section */
		BC369EBA2B28191E00A04A56 /* Sources */ = {
			isa = PBXSourcesBuildPhase;
			buildActionMask = 2147483647;
			files = (
				BC3EFCBD2B282DC50027510A /* AppComponent.swift in Sources */,
				BC44B1632B29804C00A87EF1 /* UserDetailCell.swift in Sources */,
				BC44B1562B2957C700A87EF1 /* UserViewModel.swift in Sources */,
				BC44B12E2B2948D300A87EF1 /* FollowerBuilder.swift in Sources */,
				BC369EC22B28191E00A04A56 /* AppDelegate.swift in Sources */,
				BC3EFCC52B282DE30027510A /* RootTabBarController.swift in Sources */,
				BC3EFCE22B283DEF0027510A /* UserAPI.swift in Sources */,
				BC44B1412B294FB500A87EF1 /* FollowerListBuilder.swift in Sources */,
				BC44B14D2B294FC300A87EF1 /* FollowerDetailBuilder.swift in Sources */,
				BC3EFCD72B2832870027510A /* HomeInteractor.swift in Sources */,
				BC44B15E2B296BD900A87EF1 /* AssetsProxy.swift in Sources */,
				BC3EFCD52B2832870027510A /* HomeBuilder.swift in Sources */,
				BC369EF22B281C6800A04A56 /* Utils+Additions.swift in Sources */,
				BC44B1302B2948D300A87EF1 /* FollowerInteractor.swift in Sources */,
				BC44B14F2B294FC300A87EF1 /* FollowerDetailInteractor.swift in Sources */,
				BC3EFCC32B282DE30027510A /* RootRouter.swift in Sources */,
				BC44B1492B294FC300A87EF1 /* FollowerDetailRouter.swift in Sources */,
				BC44B13D2B294FB500A87EF1 /* FollowerListRouter.swift in Sources */,
				BC3EFCE52B283DF50027510A /* UserModel.swift in Sources */,
				BC44B15B2B296A6A00A87EF1 /* FollowerCell.swift in Sources */,
				BC3EFCD32B2832870027510A /* HomeViewController.swift in Sources */,
				BC44B12C2B2948D300A87EF1 /* FollowerRouter.swift in Sources */,
				BC3EFCC92B282DE30027510A /* RootInteractor.swift in Sources */,
				BC44B1432B294FB500A87EF1 /* FollowerListInteractor.swift in Sources */,
				BC44B14B2B294FC300A87EF1 /* FollowerDetailViewController.swift in Sources */,
				BC3EFCB92B282CA80027510A /* RIBs+Utils.swift in Sources */,
				BC3EFCE92B283E500027510A /* NetworkManager.swift in Sources */,
				BC44B13F2B294FB500A87EF1 /* FollowerListViewController.swift in Sources */,
				BC3EFCD12B2832870027510A /* HomeRouter.swift in Sources */,
				BC3EFCC72B282DE30027510A /* RootBuilder.swift in Sources */,
				BC44B1342B2949D200A87EF1 /* LoginGlobalRepository.swift in Sources */,
				BC44B1522B29511300A87EF1 /* AdaptivePresentationControllerDelegateProxy.swift in Sources */,
			);
			runOnlyForDeploymentPostprocessing = 0;
		};
		BC369ED62B2819A700A04A56 /* Sources */ = {
			isa = PBXSourcesBuildPhase;
			buildActionMask = 2147483647;
			files = (
				BC3EFCBE2B282DC50027510A /* AppComponent.swift in Sources */,
				BC44B1642B29804C00A87EF1 /* UserDetailCell.swift in Sources */,
				BC44B1572B2957C700A87EF1 /* UserViewModel.swift in Sources */,
				BC44B12F2B2948D300A87EF1 /* FollowerBuilder.swift in Sources */,
				BC369ED82B2819A700A04A56 /* AppDelegate.swift in Sources */,
				BC3EFCC62B282DE30027510A /* RootTabBarController.swift in Sources */,
				BC3EFCE32B283DEF0027510A /* UserAPI.swift in Sources */,
				BC44B1422B294FB500A87EF1 /* FollowerListBuilder.swift in Sources */,
				BC44B14E2B294FC300A87EF1 /* FollowerDetailBuilder.swift in Sources */,
				BC3EFCD82B2832870027510A /* HomeInteractor.swift in Sources */,
				BC44B15F2B296BD900A87EF1 /* AssetsProxy.swift in Sources */,
				BC3EFCD62B2832870027510A /* HomeBuilder.swift in Sources */,
				BC369EF32B281C6800A04A56 /* Utils+Additions.swift in Sources */,
				BC44B1312B2948D300A87EF1 /* FollowerInteractor.swift in Sources */,
				BC44B1502B294FC300A87EF1 /* FollowerDetailInteractor.swift in Sources */,
				BC3EFCC42B282DE30027510A /* RootRouter.swift in Sources */,
				BC44B14A2B294FC300A87EF1 /* FollowerDetailRouter.swift in Sources */,
				BC44B13E2B294FB500A87EF1 /* FollowerListRouter.swift in Sources */,
				BC3EFCE62B283DF50027510A /* UserModel.swift in Sources */,
				BC44B15C2B296A6A00A87EF1 /* FollowerCell.swift in Sources */,
				BC3EFCD42B2832870027510A /* HomeViewController.swift in Sources */,
				BC44B12D2B2948D300A87EF1 /* FollowerRouter.swift in Sources */,
				BC3EFCCA2B282DE30027510A /* RootInteractor.swift in Sources */,
				BC44B1442B294FB500A87EF1 /* FollowerListInteractor.swift in Sources */,
				BC44B14C2B294FC300A87EF1 /* FollowerDetailViewController.swift in Sources */,
				BC3EFCBA2B282CA80027510A /* RIBs+Utils.swift in Sources */,
				BC3EFCEA2B283E500027510A /* NetworkManager.swift in Sources */,
				BC44B1402B294FB500A87EF1 /* FollowerListViewController.swift in Sources */,
				BC3EFCD22B2832870027510A /* HomeRouter.swift in Sources */,
				BC3EFCC82B282DE30027510A /* RootBuilder.swift in Sources */,
				BC44B1352B2949D200A87EF1 /* LoginGlobalRepository.swift in Sources */,
				BC44B1532B29511300A87EF1 /* AdaptivePresentationControllerDelegateProxy.swift in Sources */,
			);
			runOnlyForDeploymentPostprocessing = 0;
		};
/* End PBXSourcesBuildPhase section */

/* Begin PBXVariantGroup section */
		BC369ECC2B28192000A04A56 /* LaunchScreen.storyboard */ = {
			isa = PBXVariantGroup;
			children = (
				BC369ECD2B28192000A04A56 /* Base */,
			);
			name = LaunchScreen.storyboard;
			sourceTree = "<group>";
		};
/* End PBXVariantGroup section */

/* Begin XCBuildConfiguration section */
		BC369ED02B28192000A04A56 /* Debug */ = {
			isa = XCBuildConfiguration;
			buildSettings = {
				ALWAYS_SEARCH_USER_PATHS = NO;
				CLANG_ANALYZER_NONNULL = YES;
				CLANG_ANALYZER_NUMBER_OBJECT_CONVERSION = YES_AGGRESSIVE;
				CLANG_CXX_LANGUAGE_STANDARD = "gnu++20";
				CLANG_ENABLE_MODULES = YES;
				CLANG_ENABLE_OBJC_ARC = YES;
				CLANG_ENABLE_OBJC_WEAK = YES;
				CLANG_WARN_BLOCK_CAPTURE_AUTORELEASING = YES;
				CLANG_WARN_BOOL_CONVERSION = YES;
				CLANG_WARN_COMMA = YES;
				CLANG_WARN_CONSTANT_CONVERSION = YES;
				CLANG_WARN_DEPRECATED_OBJC_IMPLEMENTATIONS = YES;
				CLANG_WARN_DIRECT_OBJC_ISA_USAGE = YES_ERROR;
				CLANG_WARN_DOCUMENTATION_COMMENTS = YES;
				CLANG_WARN_EMPTY_BODY = YES;
				CLANG_WARN_ENUM_CONVERSION = YES;
				CLANG_WARN_INFINITE_RECURSION = YES;
				CLANG_WARN_INT_CONVERSION = YES;
				CLANG_WARN_NON_LITERAL_NULL_CONVERSION = YES;
				CLANG_WARN_OBJC_IMPLICIT_RETAIN_SELF = YES;
				CLANG_WARN_OBJC_LITERAL_CONVERSION = YES;
				CLANG_WARN_OBJC_ROOT_CLASS = YES_ERROR;
				CLANG_WARN_QUOTED_INCLUDE_IN_FRAMEWORK_HEADER = YES;
				CLANG_WARN_RANGE_LOOP_ANALYSIS = YES;
				CLANG_WARN_STRICT_PROTOTYPES = YES;
				CLANG_WARN_SUSPICIOUS_MOVE = YES;
				CLANG_WARN_UNGUARDED_AVAILABILITY = YES_AGGRESSIVE;
				CLANG_WARN_UNREACHABLE_CODE = YES;
				CLANG_WARN__DUPLICATE_METHOD_MATCH = YES;
				COPY_PHASE_STRIP = NO;
				DEBUG_INFORMATION_FORMAT = dwarf;
				ENABLE_STRICT_OBJC_MSGSEND = YES;
				ENABLE_TESTABILITY = YES;
				GCC_C_LANGUAGE_STANDARD = gnu11;
				GCC_DYNAMIC_NO_PIC = NO;
				GCC_NO_COMMON_BLOCKS = YES;
				GCC_OPTIMIZATION_LEVEL = 0;
				GCC_PREPROCESSOR_DEFINITIONS = (
					"DEBUG=1",
					"$(inherited)",
				);
				GCC_WARN_64_TO_32_BIT_CONVERSION = YES;
				GCC_WARN_ABOUT_RETURN_TYPE = YES_ERROR;
				GCC_WARN_UNDECLARED_SELECTOR = YES;
				GCC_WARN_UNINITIALIZED_AUTOS = YES_AGGRESSIVE;
				GCC_WARN_UNUSED_FUNCTION = YES;
				GCC_WARN_UNUSED_VARIABLE = YES;
				IPHONEOS_DEPLOYMENT_TARGET = 16.2;
				MTL_ENABLE_DEBUG_INFO = INCLUDE_SOURCE;
				MTL_FAST_MATH = YES;
				ONLY_ACTIVE_ARCH = YES;
				SDKROOT = iphoneos;
				SWIFT_ACTIVE_COMPILATION_CONDITIONS = DEBUG;
				SWIFT_OPTIMIZATION_LEVEL = "-Onone";
			};
			name = Debug;
		};
		BC369ED12B28192000A04A56 /* Release */ = {
			isa = XCBuildConfiguration;
			buildSettings = {
				ALWAYS_SEARCH_USER_PATHS = NO;
				CLANG_ANALYZER_NONNULL = YES;
				CLANG_ANALYZER_NUMBER_OBJECT_CONVERSION = YES_AGGRESSIVE;
				CLANG_CXX_LANGUAGE_STANDARD = "gnu++20";
				CLANG_ENABLE_MODULES = YES;
				CLANG_ENABLE_OBJC_ARC = YES;
				CLANG_ENABLE_OBJC_WEAK = YES;
				CLANG_WARN_BLOCK_CAPTURE_AUTORELEASING = YES;
				CLANG_WARN_BOOL_CONVERSION = YES;
				CLANG_WARN_COMMA = YES;
				CLANG_WARN_CONSTANT_CONVERSION = YES;
				CLANG_WARN_DEPRECATED_OBJC_IMPLEMENTATIONS = YES;
				CLANG_WARN_DIRECT_OBJC_ISA_USAGE = YES_ERROR;
				CLANG_WARN_DOCUMENTATION_COMMENTS = YES;
				CLANG_WARN_EMPTY_BODY = YES;
				CLANG_WARN_ENUM_CONVERSION = YES;
				CLANG_WARN_INFINITE_RECURSION = YES;
				CLANG_WARN_INT_CONVERSION = YES;
				CLANG_WARN_NON_LITERAL_NULL_CONVERSION = YES;
				CLANG_WARN_OBJC_IMPLICIT_RETAIN_SELF = YES;
				CLANG_WARN_OBJC_LITERAL_CONVERSION = YES;
				CLANG_WARN_OBJC_ROOT_CLASS = YES_ERROR;
				CLANG_WARN_QUOTED_INCLUDE_IN_FRAMEWORK_HEADER = YES;
				CLANG_WARN_RANGE_LOOP_ANALYSIS = YES;
				CLANG_WARN_STRICT_PROTOTYPES = YES;
				CLANG_WARN_SUSPICIOUS_MOVE = YES;
				CLANG_WARN_UNGUARDED_AVAILABILITY = YES_AGGRESSIVE;
				CLANG_WARN_UNREACHABLE_CODE = YES;
				CLANG_WARN__DUPLICATE_METHOD_MATCH = YES;
				COPY_PHASE_STRIP = NO;
				DEBUG_INFORMATION_FORMAT = "dwarf-with-dsym";
				ENABLE_NS_ASSERTIONS = NO;
				ENABLE_STRICT_OBJC_MSGSEND = YES;
				GCC_C_LANGUAGE_STANDARD = gnu11;
				GCC_NO_COMMON_BLOCKS = YES;
				GCC_WARN_64_TO_32_BIT_CONVERSION = YES;
				GCC_WARN_ABOUT_RETURN_TYPE = YES_ERROR;
				GCC_WARN_UNDECLARED_SELECTOR = YES;
				GCC_WARN_UNINITIALIZED_AUTOS = YES_AGGRESSIVE;
				GCC_WARN_UNUSED_FUNCTION = YES;
				GCC_WARN_UNUSED_VARIABLE = YES;
				IPHONEOS_DEPLOYMENT_TARGET = 16.2;
				MTL_ENABLE_DEBUG_INFO = NO;
				MTL_FAST_MATH = YES;
				SDKROOT = iphoneos;
				SWIFT_COMPILATION_MODE = wholemodule;
				SWIFT_OPTIMIZATION_LEVEL = "-O";
				VALIDATE_PRODUCT = YES;
			};
			name = Release;
		};
		BC369ED32B28192000A04A56 /* Debug */ = {
			isa = XCBuildConfiguration;
			buildSettings = {
				ASSETCATALOG_COMPILER_APPICON_NAME = AppIcon;
				ASSETCATALOG_COMPILER_GLOBAL_ACCENT_COLOR_NAME = AccentColor;
				CODE_SIGN_STYLE = Automatic;
				CURRENT_PROJECT_VERSION = 1;
				GENERATE_INFOPLIST_FILE = YES;
				INFOPLIST_FILE = "mock-up-ribs/Resources/Info.plist";
				INFOPLIST_KEY_UIApplicationSupportsIndirectInputEvents = YES;
				INFOPLIST_KEY_UILaunchStoryboardName = LaunchScreen;
				INFOPLIST_KEY_UISupportedInterfaceOrientations = UIInterfaceOrientationPortrait;
				INFOPLIST_KEY_UISupportedInterfaceOrientations_iPad = "UIInterfaceOrientationLandscapeLeft UIInterfaceOrientationLandscapeRight UIInterfaceOrientationPortraitUpsideDown";
				IPHONEOS_DEPLOYMENT_TARGET = 14.0;
				LD_RUNPATH_SEARCH_PATHS = (
					"$(inherited)",
					"@executable_path/Frameworks",
				);
				MARKETING_VERSION = 1.0;
				PRODUCT_BUNDLE_IDENTIFIER = "com.nsdongklee.mock-up-ribs";
				PRODUCT_NAME = "$(TARGET_NAME)";
				SUPPORTED_PLATFORMS = "iphoneos iphonesimulator";
				SUPPORTS_MACCATALYST = NO;
				SUPPORTS_MAC_DESIGNED_FOR_IPHONE_IPAD = YES;
				SWIFT_EMIT_LOC_STRINGS = YES;
				SWIFT_VERSION = 5.0;
				TARGETED_DEVICE_FAMILY = 1;
			};
			name = Debug;
		};
		BC369ED42B28192000A04A56 /* Release */ = {
			isa = XCBuildConfiguration;
			buildSettings = {
				ASSETCATALOG_COMPILER_APPICON_NAME = AppIcon;
				ASSETCATALOG_COMPILER_GLOBAL_ACCENT_COLOR_NAME = AccentColor;
				CODE_SIGN_STYLE = Automatic;
				CURRENT_PROJECT_VERSION = 1;
				GENERATE_INFOPLIST_FILE = YES;
				INFOPLIST_FILE = "mock-up-ribs/Resources/Info.plist";
				INFOPLIST_KEY_UIApplicationSupportsIndirectInputEvents = YES;
				INFOPLIST_KEY_UILaunchStoryboardName = LaunchScreen;
				INFOPLIST_KEY_UISupportedInterfaceOrientations = UIInterfaceOrientationPortrait;
				INFOPLIST_KEY_UISupportedInterfaceOrientations_iPad = "UIInterfaceOrientationLandscapeLeft UIInterfaceOrientationLandscapeRight UIInterfaceOrientationPortraitUpsideDown";
				IPHONEOS_DEPLOYMENT_TARGET = 14.0;
				LD_RUNPATH_SEARCH_PATHS = (
					"$(inherited)",
					"@executable_path/Frameworks",
				);
				MARKETING_VERSION = 1.0;
				PRODUCT_BUNDLE_IDENTIFIER = "com.nsdongklee.mock-up-ribs";
				PRODUCT_NAME = "$(TARGET_NAME)";
				SUPPORTED_PLATFORMS = "iphoneos iphonesimulator";
				SUPPORTS_MACCATALYST = NO;
				SUPPORTS_MAC_DESIGNED_FOR_IPHONE_IPAD = YES;
				SWIFT_EMIT_LOC_STRINGS = YES;
				SWIFT_VERSION = 5.0;
				TARGETED_DEVICE_FAMILY = 1;
			};
			name = Release;
		};
		BC369EE02B2819A700A04A56 /* Debug */ = {
			isa = XCBuildConfiguration;
			buildSettings = {
				ASSETCATALOG_COMPILER_APPICON_NAME = AppIcon;
				ASSETCATALOG_COMPILER_GLOBAL_ACCENT_COLOR_NAME = AccentColor;
				CODE_SIGN_STYLE = Automatic;
				CURRENT_PROJECT_VERSION = 1;
				GENERATE_INFOPLIST_FILE = YES;
				INFOPLIST_FILE = "mock-up-ribs/Resources/Stage-Info.plist";
				INFOPLIST_KEY_UIApplicationSupportsIndirectInputEvents = YES;
				INFOPLIST_KEY_UILaunchStoryboardName = LaunchScreen;
				INFOPLIST_KEY_UISupportedInterfaceOrientations = UIInterfaceOrientationPortrait;
				INFOPLIST_KEY_UISupportedInterfaceOrientations_iPad = "UIInterfaceOrientationLandscapeLeft UIInterfaceOrientationLandscapeRight UIInterfaceOrientationPortraitUpsideDown";
				IPHONEOS_DEPLOYMENT_TARGET = 14.0;
				LD_RUNPATH_SEARCH_PATHS = (
					"$(inherited)",
					"@executable_path/Frameworks",
				);
				MARKETING_VERSION = 1.0;
				PRODUCT_BUNDLE_IDENTIFIER = "com.nsdongklee.mock-up-ribs-stage";
				PRODUCT_NAME = "$(TARGET_NAME)";
				SUPPORTED_PLATFORMS = "iphoneos iphonesimulator";
				SUPPORTS_MACCATALYST = NO;
				SUPPORTS_MAC_DESIGNED_FOR_IPHONE_IPAD = YES;
				SWIFT_EMIT_LOC_STRINGS = YES;
				SWIFT_VERSION = 5.0;
				TARGETED_DEVICE_FAMILY = 1;
			};
			name = Debug;
		};
		BC369EE12B2819A700A04A56 /* Release */ = {
			isa = XCBuildConfiguration;
			buildSettings = {
				ASSETCATALOG_COMPILER_APPICON_NAME = AppIcon;
				ASSETCATALOG_COMPILER_GLOBAL_ACCENT_COLOR_NAME = AccentColor;
				CODE_SIGN_STYLE = Automatic;
				CURRENT_PROJECT_VERSION = 1;
				GENERATE_INFOPLIST_FILE = YES;
				INFOPLIST_FILE = "mock-up-ribs/Resources/Stage-Info.plist";
				INFOPLIST_KEY_UIApplicationSupportsIndirectInputEvents = YES;
				INFOPLIST_KEY_UILaunchStoryboardName = LaunchScreen;
				INFOPLIST_KEY_UISupportedInterfaceOrientations = UIInterfaceOrientationPortrait;
				INFOPLIST_KEY_UISupportedInterfaceOrientations_iPad = "UIInterfaceOrientationLandscapeLeft UIInterfaceOrientationLandscapeRight UIInterfaceOrientationPortraitUpsideDown";
				IPHONEOS_DEPLOYMENT_TARGET = 14.0;
				LD_RUNPATH_SEARCH_PATHS = (
					"$(inherited)",
					"@executable_path/Frameworks",
				);
				MARKETING_VERSION = 1.0;
				PRODUCT_BUNDLE_IDENTIFIER = "com.nsdongklee.mock-up-ribs-stage";
				PRODUCT_NAME = "$(TARGET_NAME)";
				SUPPORTED_PLATFORMS = "iphoneos iphonesimulator";
				SUPPORTS_MACCATALYST = NO;
				SUPPORTS_MAC_DESIGNED_FOR_IPHONE_IPAD = YES;
				SWIFT_EMIT_LOC_STRINGS = YES;
				SWIFT_VERSION = 5.0;
				TARGETED_DEVICE_FAMILY = 1;
			};
			name = Release;
		};
/* End XCBuildConfiguration section */

/* Begin XCConfigurationList section */
		BC369EB92B28191E00A04A56 /* Build configuration list for PBXProject "mock-up-ribs" */ = {
			isa = XCConfigurationList;
			buildConfigurations = (
				BC369ED02B28192000A04A56 /* Debug */,
				BC369ED12B28192000A04A56 /* Release */,
			);
			defaultConfigurationIsVisible = 0;
			defaultConfigurationName = Release;
		};
		BC369ED22B28192000A04A56 /* Build configuration list for PBXNativeTarget "mock-up-ribs" */ = {
			isa = XCConfigurationList;
			buildConfigurations = (
				BC369ED32B28192000A04A56 /* Debug */,
				BC369ED42B28192000A04A56 /* Release */,
			);
			defaultConfigurationIsVisible = 0;
			defaultConfigurationName = Release;
		};
		BC369EDF2B2819A700A04A56 /* Build configuration list for PBXNativeTarget "mock-up-ribs-stage" */ = {
			isa = XCConfigurationList;
			buildConfigurations = (
				BC369EE02B2819A700A04A56 /* Debug */,
				BC369EE12B2819A700A04A56 /* Release */,
			);
			defaultConfigurationIsVisible = 0;
			defaultConfigurationName = Release;
		};
/* End XCConfigurationList section */

/* Begin XCSwiftPackageProductDependency section */
		BC369EE62B281BFF00A04A56 /* MockupKit */ = {
			isa = XCSwiftPackageProductDependency;
			productName = MockupKit;
		};
		BC369EE82B281C0400A04A56 /* MockupKit */ = {
			isa = XCSwiftPackageProductDependency;
			productName = MockupKit;
		};
/* End XCSwiftPackageProductDependency section */
	};
	rootObject = BC369EB62B28191E00A04A56 /* Project object */;
}
